
Microsoft Visual Studio Solution File, Format Version 12.00
# Visual Studio Version 17
VisualStudioVersion = 17.0.32112.339
MinimumVisualStudioVersion = 10.0.40219.1
Project("{FAE04EC0-301F-11D3-BF4B-00C04F79EFBC}") = "TodoListApplication.UWP", "TodoListApplication\TodoListApplication.UWP\TodoListApplication.UWP.csproj", "{4D25DE8E-4291-4A15-ADC1-C99859A1D7D4}"
EndProject
Project("{FAE04EC0-301F-11D3-BF4B-00C04F79EFBC}") = "TodoListApplication.Android", "TodoListApplication\TodoListApplication.Android\TodoListApplication.Android.csproj", "{41FED894-7226-4A0B-9167-C53013199EB8}"
EndProject
Project("{FAE04EC0-301F-11D3-BF4B-00C04F79EFBC}") = "TodoListApplication.iOS", "TodoListApplication\TodoListApplication.iOS\TodoListApplication.iOS.csproj", "{229902C1-1793-40B6-B458-594705069DBA}"
EndProject
Project("{FAE04EC0-301F-11D3-BF4B-00C04F79EFBC}") = "TodoListApplication", "TodoListApplication\TodoListApplication\TodoListApplication.csproj", "{64F483F0-A77E-4326-BD14-392B9507E076}"
EndProject
Global
	GlobalSection(SolutionConfigurationPlatforms) = preSolution
		Debug|Any CPU = Debug|Any CPU
		Debug|ARM = Debug|ARM
		Debug|iPhone = Debug|iPhone
		Debug|iPhoneSimulator = Debug|iPhoneSimulator
		Debug|x64 = Debug|x64
		Debug|x86 = Debug|x86
		Release|Any CPU = Release|Any CPU
		Release|ARM = Release|ARM
		Release|iPhone = Release|iPhone
		Release|iPhoneSimulator = Release|iPhoneSimulator
		Release|x64 = Release|x64
		Release|x86 = Release|x86
	EndGlobalSection
	GlobalSection(ProjectConfigurationPlatforms) = postSolution
		{4D25DE8E-4291-4A15-ADC1-C99859A1D7D4}.Debug|Any CPU.ActiveCfg = Debug|x64
		{4D25DE8E-4291-4A15-ADC1-C99859A1D7D4}.Debug|Any CPU.Build.0 = Debug|x64
		{4D25DE8E-4291-4A15-ADC1-C99859A1D7D4}.Debug|Any CPU.Deploy.0 = Debug|x64
		{4D25DE8E-4291-4A15-ADC1-C99859A1D7D4}.Debug|ARM.ActiveCfg = Debug|ARM
		{4D25DE8E-4291-4A15-ADC1-C99859A1D7D4}.Debug|ARM.Build.0 = Debug|ARM
		{4D25DE8E-4291-4A15-ADC1-C99859A1D7D4}.Debug|ARM.Deploy.0 = Debug|ARM
		{4D25DE8E-4291-4A15-ADC1-C99859A1D7D4}.Debug|iPhone.ActiveCfg = Debug|x64
		{4D25DE8E-4291-4A15-ADC1-C99859A1D7D4}.Debug|iPhone.Build.0 = Debug|x64
		{4D25DE8E-4291-4A15-ADC1-C99859A1D7D4}.Debug|iPhone.Deploy.0 = Debug|x64
		{4D25DE8E-4291-4A15-ADC1-C99859A1D7D4}.Debug|iPhoneSimulator.ActiveCfg = Debug|x64
		{4D25DE8E-4291-4A15-ADC1-C99859A1D7D4}.Debug|iPhoneSimulator.Build.0 = Debug|x64
		{4D25DE8E-4291-4A15-ADC1-C99859A1D7D4}.Debug|iPhoneSimulator.Deploy.0 = Debug|x64
		{4D25DE8E-4291-4A15-ADC1-C99859A1D7D4}.Debug|x64.ActiveCfg = Debug|x64
		{4D25DE8E-4291-4A15-ADC1-C99859A1D7D4}.Debug|x64.Build.0 = Debug|x64
		{4D25DE8E-4291-4A15-ADC1-C99859A1D7D4}.Debug|x64.Deploy.0 = Debug|x64
		{4D25DE8E-4291-4A15-ADC1-C99859A1D7D4}.Debug|x86.ActiveCfg = Debug|x86
		{4D25DE8E-4291-4A15-ADC1-C99859A1D7D4}.Debug|x86.Build.0 = Debug|x86
		{4D25DE8E-4291-4A15-ADC1-C99859A1D7D4}.Debug|x86.Deploy.0 = Debug|x86
		{4D25DE8E-4291-4A15-ADC1-C99859A1D7D4}.Release|Any CPU.ActiveCfg = Release|x64
		{4D25DE8E-4291-4A15-ADC1-C99859A1D7D4}.Release|Any CPU.Build.0 = Release|x64
		{4D25DE8E-4291-4A15-ADC1-C99859A1D7D4}.Release|Any CPU.Deploy.0 = Release|x64
		{4D25DE8E-4291-4A15-ADC1-C99859A1D7D4}.Release|ARM.ActiveCfg = Release|ARM
		{4D25DE8E-4291-4A15-ADC1-C99859A1D7D4}.Release|ARM.Build.0 = Release|ARM
		{4D25DE8E-4291-4A15-ADC1-C99859A1D7D4}.Release|ARM.Deploy.0 = Release|ARM
		{4D25DE8E-4291-4A15-ADC1-C99859A1D7D4}.Release|iPhone.ActiveCfg = Release|x64
		{4D25DE8E-4291-4A15-ADC1-C99859A1D7D4}.Release|iPhone.Build.0 = Release|x64
		{4D25DE8E-4291-4A15-ADC1-C99859A1D7D4}.Release|iPhone.Deploy.0 = Release|x64
		{4D25DE8E-4291-4A15-ADC1-C99859A1D7D4}.Release|iPhoneSimulator.ActiveCfg = Release|x64
		{4D25DE8E-4291-4A15-ADC1-C99859A1D7D4}.Release|iPhoneSimulator.Build.0 = Release|x64
		{4D25DE8E-4291-4A15-ADC1-C99859A1D7D4}.Release|iPhoneSimulator.Deploy.0 = Release|x64
		{4D25DE8E-4291-4A15-ADC1-C99859A1D7D4}.Release|x64.ActiveCfg = Release|x64
		{4D25DE8E-4291-4A15-ADC1-C99859A1D7D4}.Release|x64.Build.0 = Release|x64
		{4D25DE8E-4291-4A15-ADC1-C99859A1D7D4}.Release|x64.Deploy.0 = Release|x64
		{4D25DE8E-4291-4A15-ADC1-C99859A1D7D4}.Release|x86.ActiveCfg = Release|x86
		{4D25DE8E-4291-4A15-ADC1-C99859A1D7D4}.Release|x86.Build.0 = Release|x86
		{4D25DE8E-4291-4A15-ADC1-C99859A1D7D4}.Release|x86.Deploy.0 = Release|x86
		{41FED894-7226-4A0B-9167-C53013199EB8}.Debug|Any CPU.ActiveCfg = Debug|Any CPU
		{41FED894-7226-4A0B-9167-C53013199EB8}.Debug|Any CPU.Build.0 = Debug|Any CPU
		{41FED894-7226-4A0B-9167-C53013199EB8}.Debug|Any CPU.Deploy.0 = Debug|Any CPU
		{41FED894-7226-4A0B-9167-C53013199EB8}.Debug|ARM.ActiveCfg = Debug|Any CPU
		{41FED894-7226-4A0B-9167-C53013199EB8}.Debug|ARM.Build.0 = Debug|Any CPU
		{41FED894-7226-4A0B-9167-C53013199EB8}.Debug|ARM.Deploy.0 = Debug|Any CPU
		{41FED894-7226-4A0B-9167-C53013199EB8}.Debug|iPhone.ActiveCfg = Debug|Any CPU
		{41FED894-7226-4A0B-9167-C53013199EB8}.Debug|iPhone.Build.0 = Debug|Any CPU
		{41FED894-7226-4A0B-9167-C53013199EB8}.Debug|iPhone.Deploy.0 = Debug|Any CPU
		{41FED894-7226-4A0B-9167-C53013199EB8}.Debug|iPhoneSimulator.ActiveCfg = Debug|Any CPU
		{41FED894-7226-4A0B-9167-C53013199EB8}.Debug|iPhoneSimulator.Build.0 = Debug|Any CPU
		{41FED894-7226-4A0B-9167-C53013199EB8}.Debug|iPhoneSimulator.Deploy.0 = Debug|Any CPU
		{41FED894-7226-4A0B-9167-C53013199EB8}.Debug|x64.ActiveCfg = Debug|Any CPU
		{41FED894-7226-4A0B-9167-C53013199EB8}.Debug|x64.Build.0 = Debug|Any CPU
		{41FED894-7226-4A0B-9167-C53013199EB8}.Debug|x64.Deploy.0 = Debug|Any CPU
		{41FED894-7226-4A0B-9167-C53013199EB8}.Debug|x86.ActiveCfg = Debug|Any CPU
		{41FED894-7226-4A0B-9167-C53013199EB8}.Debug|x86.Build.0 = Debug|Any CPU
		{41FED894-7226-4A0B-9167-C53013199EB8}.Debug|x86.Deploy.0 = Debug|Any CPU
		{41FED894-7226-4A0B-9167-C53013199EB8}.Release|Any CPU.ActiveCfg = Release|Any CPU
		{41FED894-7226-4A0B-9167-C53013199EB8}.Release|Any CPU.Build.0 = Release|Any CPU
		{41FED894-7226-4A0B-9167-C53013199EB8}.Release|Any CPU.Deploy.0 = Release|Any CPU
		{41FED894-7226-4A0B-9167-C53013199EB8}.Release|ARM.ActiveCfg = Release|Any CPU
		{41FED894-7226-4A0B-9167-C53013199EB8}.Release|ARM.Build.0 = Release|Any CPU
		{41FED894-7226-4A0B-9167-C53013199EB8}.Release|ARM.Deploy.0 = Release|Any CPU
		{41FED894-7226-4A0B-9167-C53013199EB8}.Release|iPhone.ActiveCfg = Release|Any CPU
		{41FED894-7226-4A0B-9167-C53013199EB8}.Release|iPhone.Build.0 = Release|Any CPU
		{41FED894-7226-4A0B-9167-C53013199EB8}.Release|iPhone.Deploy.0 = Release|Any CPU
		{41FED894-7226-4A0B-9167-C53013199EB8}.Release|iPhoneSimulator.ActiveCfg = Release|Any CPU
		{41FED894-7226-4A0B-9167-C53013199EB8}.Release|iPhoneSimulator.Build.0 = Release|Any CPU
		{41FED894-7226-4A0B-9167-C53013199EB8}.Release|iPhoneSimulator.Deploy.0 = Release|Any CPU
		{41FED894-7226-4A0B-9167-C53013199EB8}.Release|x64.ActiveCfg = Release|Any CPU
		{41FED894-7226-4A0B-9167-C53013199EB8}.Release|x64.Build.0 = Release|Any CPU
		{41FED894-7226-4A0B-9167-C53013199EB8}.Release|x64.Deploy.0 = Release|Any CPU
		{41FED894-7226-4A0B-9167-C53013199EB8}.Release|x86.ActiveCfg = Release|Any CPU
		{41FED894-7226-4A0B-9167-C53013199EB8}.Release|x86.Build.0 = Release|Any CPU
		{41FED894-7226-4A0B-9167-C53013199EB8}.Release|x86.Deploy.0 = Release|Any CPU
		{229902C1-1793-40B6-B458-594705069DBA}.Debug|Any CPU.ActiveCfg = Debug|iPhoneSimulator
		{229902C1-1793-40B6-B458-594705069DBA}.Debug|Any CPU.Build.0 = Debug|iPhoneSimulator
		{229902C1-1793-40B6-B458-594705069DBA}.Debug|Any CPU.Deploy.0 = Debug|iPhoneSimulator
		{229902C1-1793-40B6-B458-594705069DBA}.Debug|ARM.ActiveCfg = Debug|iPhoneSimulator
		{229902C1-1793-40B6-B458-594705069DBA}.Debug|ARM.Build.0 = Debug|iPhoneSimulator
		{229902C1-1793-40B6-B458-594705069DBA}.Debug|ARM.Deploy.0 = Debug|iPhoneSimulator
		{229902C1-1793-40B6-B458-594705069DBA}.Debug|iPhone.ActiveCfg = Debug|iPhone
		{229902C1-1793-40B6-B458-594705069DBA}.Debug|iPhone.Build.0 = Debug|iPhone
		{229902C1-1793-40B6-B458-594705069DBA}.Debug|iPhone.Deploy.0 = Debug|iPhone
		{229902C1-1793-40B6-B458-594705069DBA}.Debug|iPhoneSimulator.ActiveCfg = Debug|iPhoneSimulator
		{229902C1-1793-40B6-B458-594705069DBA}.Debug|iPhoneSimulator.Build.0 = Debug|iPhoneSimulator
		{229902C1-1793-40B6-B458-594705069DBA}.Debug|iPhoneSimulator.Deploy.0 = Debug|iPhoneSimulator
		{229902C1-1793-40B6-B458-594705069DBA}.Debug|x64.ActiveCfg = Debug|iPhone
		{229902C1-1793-40B6-B458-594705069DBA}.Debug|x64.Build.0 = Debug|iPhone
		{229902C1-1793-40B6-B458-594705069DBA}.Debug|x64.Deploy.0 = Debug|iPhone
		{229902C1-1793-40B6-B458-594705069DBA}.Debug|x86.ActiveCfg = Debug|iPhoneSimulator
		{229902C1-1793-40B6-B458-594705069DBA}.Debug|x86.Build.0 = Debug|iPhoneSimulator
		{229902C1-1793-40B6-B458-594705069DBA}.Debug|x86.Deploy.0 = Debug|iPhoneSimulator
		{229902C1-1793-40B6-B458-594705069DBA}.Release|Any CPU.ActiveCfg = Release|iPhoneSimulator
		{229902C1-1793-40B6-B458-594705069DBA}.Release|Any CPU.Build.0 = Release|iPhoneSimulator
		{229902C1-1793-40B6-B458-594705069DBA}.Release|Any CPU.Deploy.0 = Release|iPhoneSimulator
		{229902C1-1793-40B6-B458-594705069DBA}.Release|ARM.ActiveCfg = Release|iPhoneSimulator
		{229902C1-1793-40B6-B458-594705069DBA}.Release|ARM.Build.0 = Release|iPhoneSimulator
		{229902C1-1793-40B6-B458-594705069DBA}.Release|ARM.Deploy.0 = Release|iPhoneSimulator
		{229902C1-1793-40B6-B458-594705069DBA}.Release|iPhone.ActiveCfg = Release|iPhone
		{229902C1-1793-40B6-B458-594705069DBA}.Release|iPhone.Build.0 = Release|iPhone
		{229902C1-1793-40B6-B458-594705069DBA}.Release|iPhone.Deploy.0 = Release|iPhone
		{229902C1-1793-40B6-B458-594705069DBA}.Release|iPhoneSimulator.ActiveCfg = Release|iPhoneSimulator
		{229902C1-1793-40B6-B458-594705069DBA}.Release|iPhoneSimulator.Build.0 = Release|iPhoneSimulator
		{229902C1-1793-40B6-B458-594705069DBA}.Release|iPhoneSimulator.Deploy.0 = Release|iPhoneSimulator
		{229902C1-1793-40B6-B458-594705069DBA}.Release|x64.ActiveCfg = Release|iPhoneSimulator
		{229902C1-1793-40B6-B458-594705069DBA}.Release|x64.Build.0 = Release|iPhoneSimulator
		{229902C1-1793-40B6-B458-594705069DBA}.Release|x64.Deploy.0 = Release|iPhoneSimulator
		{229902C1-1793-40B6-B458-594705069DBA}.Release|x86.ActiveCfg = Release|iPhoneSimulator
		{229902C1-1793-40B6-B458-594705069DBA}.Release|x86.Build.0 = Release|iPhoneSimulator
		{229902C1-1793-40B6-B458-594705069DBA}.Release|x86.Deploy.0 = Release|iPhoneSimulator
		{64F483F0-A77E-4326-BD14-392B9507E076}.Debug|Any CPU.ActiveCfg = Debug|Any CPU
		{64F483F0-A77E-4326-BD14-392B9507E076}.Debug|Any CPU.Build.0 = Debug|Any CPU
		{64F483F0-A77E-4326-BD14-392B9507E076}.Debug|Any CPU.Deploy.0 = Debug|Any CPU
		{64F483F0-A77E-4326-BD14-392B9507E076}.Debug|ARM.ActiveCfg = Debug|Any CPU
		{64F483F0-A77E-4326-BD14-392B9507E076}.Debug|ARM.Build.0 = Debug|Any CPU
		{64F483F0-A77E-4326-BD14-392B9507E076}.Debug|ARM.Deploy.0 = Debug|Any CPU
		{64F483F0-A77E-4326-BD14-392B9507E076}.Debug|iPhone.ActiveCfg = Debug|Any CPU
		{64F483F0-A77E-4326-BD14-392B9507E076}.Debug|iPhone.Build.0 = Debug|Any CPU
		{64F483F0-A77E-4326-BD14-392B9507E076}.Debug|iPhone.Deploy.0 = Debug|Any CPU
		{64F483F0-A77E-4326-BD14-392B9507E076}.Debug|iPhoneSimulator.ActiveCfg = Debug|Any CPU
		{64F483F0-A77E-4326-BD14-392B9507E076}.Debug|iPhoneSimulator.Build.0 = Debug|Any CPU
		{64F483F0-A77E-4326-BD14-392B9507E076}.Debug|iPhoneSimulator.Deploy.0 = Debug|Any CPU
		{64F483F0-A77E-4326-BD14-392B9507E076}.Debug|x64.ActiveCfg = Debug|Any CPU
		{64F483F0-A77E-4326-BD14-392B9507E076}.Debug|x64.Build.0 = Debug|Any CPU
		{64F483F0-A77E-4326-BD14-392B9507E076}.Debug|x64.Deploy.0 = Debug|Any CPU
		{64F483F0-A77E-4326-BD14-392B9507E076}.Debug|x86.ActiveCfg = Debug|Any CPU
		{64F483F0-A77E-4326-BD14-392B9507E076}.Debug|x86.Build.0 = Debug|Any CPU
		{64F483F0-A77E-4326-BD14-392B9507E076}.Debug|x86.Deploy.0 = Debug|Any CPU
		{64F483F0-A77E-4326-BD14-392B9507E076}.Release|Any CPU.ActiveCfg = Release|Any CPU
		{64F483F0-A77E-4326-BD14-392B9507E076}.Release|Any CPU.Build.0 = Release|Any CPU
		{64F483F0-A77E-4326-BD14-392B9507E076}.Release|Any CPU.Deploy.0 = Release|Any CPU
		{64F483F0-A77E-4326-BD14-392B9507E076}.Release|ARM.ActiveCfg = Release|Any CPU
		{64F483F0-A77E-4326-BD14-392B9507E076}.Release|ARM.Build.0 = Release|Any CPU
		{64F483F0-A77E-4326-BD14-392B9507E076}.Release|ARM.Deploy.0 = Release|Any CPU
		{64F483F0-A77E-4326-BD14-392B9507E076}.Release|iPhone.ActiveCfg = Release|Any CPU
		{64F483F0-A77E-4326-BD14-392B9507E076}.Release|iPhone.Build.0 = Release|Any CPU
		{64F483F0-A77E-4326-BD14-392B9507E076}.Release|iPhone.Deploy.0 = Release|Any CPU
		{64F483F0-A77E-4326-BD14-392B9507E076}.Release|iPhoneSimulator.ActiveCfg = Release|Any CPU
		{64F483F0-A77E-4326-BD14-392B9507E076}.Release|iPhoneSimulator.Build.0 = Release|Any CPU
		{64F483F0-A77E-4326-BD14-392B9507E076}.Release|iPhoneSimulator.Deploy.0 = Release|Any CPU
		{64F483F0-A77E-4326-BD14-392B9507E076}.Release|x64.ActiveCfg = Release|Any CPU
		{64F483F0-A77E-4326-BD14-392B9507E076}.Release|x64.Build.0 = Release|Any CPU
		{64F483F0-A77E-4326-BD14-392B9507E076}.Release|x64.Deploy.0 = Release|Any CPU
		{64F483F0-A77E-4326-BD14-392B9507E076}.Release|x86.ActiveCfg = Release|Any CPU
		{64F483F0-A77E-4326-BD14-392B9507E076}.Release|x86.Build.0 = Release|Any CPU
		{64F483F0-A77E-4326-BD14-392B9507E076}.Release|x86.Deploy.0 = Release|Any CPU
	EndGlobalSection
	GlobalSection(SolutionProperties) = preSolution
		HideSolutionNode = FALSE
	EndGlobalSection
	GlobalSection(ExtensibilityGlobals) = postSolution
		SolutionGuid = {4DA2A13F-E546-41B9-A1E5-636F49A75CB0}
	EndGlobalSection
EndGlobal
